
Microsoft Visual Studio Solution File, Format Version 12.00
# Visual Studio Version 16
VisualStudioVersion = 16.0.30011.19
MinimumVisualStudioVersion = 10.0.40219.1
Project("{FAE04EC0-301F-11D3-BF4B-00C04F79EFBC}") = "RadioTerm", "RadioTerm\RadioTerm.csproj", "{D7ABFE82-816D-4BE7-A78A-E784663540C6}"
EndProject
Global
	GlobalSection(SolutionConfigurationPlatforms) = preSolution
		Debug|Any CPU = Debug|Any CPU
		Release|Any CPU = Release|Any CPU
	EndGlobalSection
	GlobalSection(ProjectConfigurationPlatforms) = postSolution
		{D7ABFE82-816D-4BE7-A78A-E784663540C6}.Debug|Any CPU.ActiveCfg = Debug|Any CPU
		{D7ABFE82-816D-4BE7-A78A-E784663540C6}.Debug|Any CPU.Build.0 = Debug|Any CPU
		{D7ABFE82-816D-4BE7-A78A-E784663540C6}.Release|Any CPU.ActiveCfg = Release|Any CPU
		{D7ABFE82-816D-4BE7-A78A-E784663540C6}.Release|Any CPU.Build.0 = Release|Any CPU
	EndGlobalSection
	GlobalSection(SolutionProperties) = preSolution
		HideSolutionNode = FALSE
	EndGlobalSection
	GlobalSection(ExtensibilityGlobals) = postSolution
		SolutionGuid = {91CD884E-B25C-4061-9228-A02E1010BA91}
	EndGlobalSection
EndGlobal
